
Microsoft Visual Studio Solution File, Format Version 12.00
# Visual Studio 15
VisualStudioVersion = 15.0.28307.168
MinimumVisualStudioVersion = 10.0.40219.1
Project("{FAE04EC0-301F-11D3-BF4B-00C04F79EFBC}") = "FizzBuzzConsole.Client", "FizzBuzzConsole.Client\FizzBuzzConsole.Client.csproj", "{F4B45A60-258A-433E-B0B7-D20B5BE10EA5}"
EndProject
Project("{FAE04EC0-301F-11D3-BF4B-00C04F79EFBC}") = "FizzBuzzConsole.Library", "FizzBuzzConsole.Library\FizzBuzzConsole.Library.csproj", "{FEA5AD21-F40A-4B4B-9A3F-22296ACD6CBD}"
EndProject
Global
	GlobalSection(SolutionConfigurationPlatforms) = preSolution
		Debug|Any CPU = Debug|Any CPU
		Release|Any CPU = Release|Any CPU
	EndGlobalSection
	GlobalSection(ProjectConfigurationPlatforms) = postSolution
		{F4B45A60-258A-433E-B0B7-D20B5BE10EA5}.Debug|Any CPU.ActiveCfg = Debug|Any CPU
		{F4B45A60-258A-433E-B0B7-D20B5BE10EA5}.Debug|Any CPU.Build.0 = Debug|Any CPU
		{F4B45A60-258A-433E-B0B7-D20B5BE10EA5}.Release|Any CPU.ActiveCfg = Release|Any CPU
		{F4B45A60-258A-433E-B0B7-D20B5BE10EA5}.Release|Any CPU.Build.0 = Release|Any CPU
		{FEA5AD21-F40A-4B4B-9A3F-22296ACD6CBD}.Debug|Any CPU.ActiveCfg = Debug|Any CPU
		{FEA5AD21-F40A-4B4B-9A3F-22296ACD6CBD}.Debug|Any CPU.Build.0 = Debug|Any CPU
		{FEA5AD21-F40A-4B4B-9A3F-22296ACD6CBD}.Release|Any CPU.ActiveCfg = Release|Any CPU
		{FEA5AD21-F40A-4B4B-9A3F-22296ACD6CBD}.Release|Any CPU.Build.0 = Release|Any CPU
	EndGlobalSection
	GlobalSection(SolutionProperties) = preSolution
		HideSolutionNode = FALSE
	EndGlobalSection
	GlobalSection(ExtensibilityGlobals) = postSolution
		SolutionGuid = {5E7B96A3-6EBD-40FC-B091-20763F205844}
	EndGlobalSection
EndGlobal
