
Microsoft Visual Studio Solution File, Format Version 12.00
# Visual Studio 15
VisualStudioVersion = 15.0.28307.168
MinimumVisualStudioVersion = 10.0.40219.1
Project("{FAE04EC0-301F-11D3-BF4B-00C04F79EFBC}") = "MVCWorld.Client", "MVCWorld.Client\MVCWorld.Client.csproj", "{144AAD3B-5520-47BF-AA60-5B90A649F88B}"
EndProject
Global
	GlobalSection(SolutionConfigurationPlatforms) = preSolution
		Debug|Any CPU = Debug|Any CPU
		Release|Any CPU = Release|Any CPU
	EndGlobalSection
	GlobalSection(ProjectConfigurationPlatforms) = postSolution
		{144AAD3B-5520-47BF-AA60-5B90A649F88B}.Debug|Any CPU.ActiveCfg = Debug|Any CPU
		{144AAD3B-5520-47BF-AA60-5B90A649F88B}.Debug|Any CPU.Build.0 = Debug|Any CPU
		{144AAD3B-5520-47BF-AA60-5B90A649F88B}.Release|Any CPU.ActiveCfg = Release|Any CPU
		{144AAD3B-5520-47BF-AA60-5B90A649F88B}.Release|Any CPU.Build.0 = Release|Any CPU
	EndGlobalSection
	GlobalSection(SolutionProperties) = preSolution
		HideSolutionNode = FALSE
	EndGlobalSection
	GlobalSection(ExtensibilityGlobals) = postSolution
		SolutionGuid = {9A6AD444-4BAF-4DC5-8264-EACFE3283AB5}
	EndGlobalSection
EndGlobal
