
Microsoft Visual Studio Solution File, Format Version 12.00
# Visual Studio 15
VisualStudioVersion = 15.0.28307.168
MinimumVisualStudioVersion = 10.0.40219.1
Project("{9A19103F-16F7-4668-BE54-9A1E7A4F7556}") = "GenericConsole.Client", "GenericConsole.Client\GenericConsole.Client.csproj", "{BB74B84A-4D0B-40D8-BB46-816F96049565}"
EndProject
Project("{9A19103F-16F7-4668-BE54-9A1E7A4F7556}") = "GenericConsole.Library", "GenericConsole.Library\GenericConsole.Library.csproj", "{7302CFDD-1823-421B-B6ED-2B44B905E4B1}"
EndProject
Project("{FAE04EC0-301F-11D3-BF4B-00C04F79EFBC}") = "GenericConsole.Tests", "GenericConsole.Tests\GenericConsole.Tests.csproj", "{E486CD25-62C4-45C8-BE6D-C06D1FD062B1}"
EndProject
Global
	GlobalSection(SolutionConfigurationPlatforms) = preSolution
		Debug|Any CPU = Debug|Any CPU
		Release|Any CPU = Release|Any CPU
	EndGlobalSection
	GlobalSection(ProjectConfigurationPlatforms) = postSolution
		{BB74B84A-4D0B-40D8-BB46-816F96049565}.Debug|Any CPU.ActiveCfg = Debug|Any CPU
		{BB74B84A-4D0B-40D8-BB46-816F96049565}.Debug|Any CPU.Build.0 = Debug|Any CPU
		{BB74B84A-4D0B-40D8-BB46-816F96049565}.Release|Any CPU.ActiveCfg = Release|Any CPU
		{BB74B84A-4D0B-40D8-BB46-816F96049565}.Release|Any CPU.Build.0 = Release|Any CPU
		{7302CFDD-1823-421B-B6ED-2B44B905E4B1}.Debug|Any CPU.ActiveCfg = Debug|Any CPU
		{7302CFDD-1823-421B-B6ED-2B44B905E4B1}.Debug|Any CPU.Build.0 = Debug|Any CPU
		{7302CFDD-1823-421B-B6ED-2B44B905E4B1}.Release|Any CPU.ActiveCfg = Release|Any CPU
		{7302CFDD-1823-421B-B6ED-2B44B905E4B1}.Release|Any CPU.Build.0 = Release|Any CPU
		{E486CD25-62C4-45C8-BE6D-C06D1FD062B1}.Debug|Any CPU.ActiveCfg = Debug|Any CPU
		{E486CD25-62C4-45C8-BE6D-C06D1FD062B1}.Debug|Any CPU.Build.0 = Debug|Any CPU
		{E486CD25-62C4-45C8-BE6D-C06D1FD062B1}.Release|Any CPU.ActiveCfg = Release|Any CPU
		{E486CD25-62C4-45C8-BE6D-C06D1FD062B1}.Release|Any CPU.Build.0 = Release|Any CPU
	EndGlobalSection
	GlobalSection(SolutionProperties) = preSolution
		HideSolutionNode = FALSE
	EndGlobalSection
	GlobalSection(ExtensibilityGlobals) = postSolution
		SolutionGuid = {11606660-57CB-4F46-B8E2-44DD5E3B4F23}
	EndGlobalSection
EndGlobal
