
Microsoft Visual Studio Solution File, Format Version 12.00
# Visual Studio 15
VisualStudioVersion = 15.0.28307.168
MinimumVisualStudioVersion = 10.0.40219.1
Project("{9A19103F-16F7-4668-BE54-9A1E7A4F7556}") = "PizzaStore.Tests", "PizzaStore.Tests\PizzaStore.Tests.csproj", "{EA18941B-4863-428B-8531-A22F5D40BACA}"
EndProject
Project("{9A19103F-16F7-4668-BE54-9A1E7A4F7556}") = "PizzaStore.Domain", "PizzaStore.Domain\PizzaStore.Domain.csproj", "{C76147B7-68D8-4FA1-A65E-506160FFC7FF}"
EndProject
Project("{9A19103F-16F7-4668-BE54-9A1E7A4F7556}") = "PizzaStore.Migration", "PizzaStore.Migration\PizzaStore.Migration.csproj", "{E9F1EC45-5347-4A1A-8903-786977E3B11F}"
EndProject
Project("{9A19103F-16F7-4668-BE54-9A1E7A4F7556}") = "PizzaStore.Data", "PizzaStore.Data\PizzaStore.Data.csproj", "{711267BF-7DAD-428E-9889-546B5305D035}"
EndProject
Project("{9A19103F-16F7-4668-BE54-9A1E7A4F7556}") = "PizzaStore.Client", "PizzaStore.Client\PizzaStore.Client.csproj", "{CBC13258-2E4F-4CB2-8FB7-6152731798A9}"
EndProject
Global
	GlobalSection(SolutionConfigurationPlatforms) = preSolution
		Debug|Any CPU = Debug|Any CPU
		Release|Any CPU = Release|Any CPU
	EndGlobalSection
	GlobalSection(ProjectConfigurationPlatforms) = postSolution
		{EA18941B-4863-428B-8531-A22F5D40BACA}.Debug|Any CPU.ActiveCfg = Debug|Any CPU
		{EA18941B-4863-428B-8531-A22F5D40BACA}.Debug|Any CPU.Build.0 = Debug|Any CPU
		{EA18941B-4863-428B-8531-A22F5D40BACA}.Release|Any CPU.ActiveCfg = Release|Any CPU
		{EA18941B-4863-428B-8531-A22F5D40BACA}.Release|Any CPU.Build.0 = Release|Any CPU
		{C76147B7-68D8-4FA1-A65E-506160FFC7FF}.Debug|Any CPU.ActiveCfg = Debug|Any CPU
		{C76147B7-68D8-4FA1-A65E-506160FFC7FF}.Debug|Any CPU.Build.0 = Debug|Any CPU
		{C76147B7-68D8-4FA1-A65E-506160FFC7FF}.Release|Any CPU.ActiveCfg = Release|Any CPU
		{C76147B7-68D8-4FA1-A65E-506160FFC7FF}.Release|Any CPU.Build.0 = Release|Any CPU
		{E9F1EC45-5347-4A1A-8903-786977E3B11F}.Debug|Any CPU.ActiveCfg = Debug|Any CPU
		{E9F1EC45-5347-4A1A-8903-786977E3B11F}.Debug|Any CPU.Build.0 = Debug|Any CPU
		{E9F1EC45-5347-4A1A-8903-786977E3B11F}.Release|Any CPU.ActiveCfg = Release|Any CPU
		{E9F1EC45-5347-4A1A-8903-786977E3B11F}.Release|Any CPU.Build.0 = Release|Any CPU
		{711267BF-7DAD-428E-9889-546B5305D035}.Debug|Any CPU.ActiveCfg = Debug|Any CPU
		{711267BF-7DAD-428E-9889-546B5305D035}.Debug|Any CPU.Build.0 = Debug|Any CPU
		{711267BF-7DAD-428E-9889-546B5305D035}.Release|Any CPU.ActiveCfg = Release|Any CPU
		{711267BF-7DAD-428E-9889-546B5305D035}.Release|Any CPU.Build.0 = Release|Any CPU
		{CBC13258-2E4F-4CB2-8FB7-6152731798A9}.Debug|Any CPU.ActiveCfg = Debug|Any CPU
		{CBC13258-2E4F-4CB2-8FB7-6152731798A9}.Debug|Any CPU.Build.0 = Debug|Any CPU
		{CBC13258-2E4F-4CB2-8FB7-6152731798A9}.Release|Any CPU.ActiveCfg = Release|Any CPU
		{CBC13258-2E4F-4CB2-8FB7-6152731798A9}.Release|Any CPU.Build.0 = Release|Any CPU
	EndGlobalSection
	GlobalSection(SolutionProperties) = preSolution
		HideSolutionNode = FALSE
	EndGlobalSection
	GlobalSection(ExtensibilityGlobals) = postSolution
		SolutionGuid = {6C45EE2B-17E7-4BE8-9CA0-44A7718AB788}
	EndGlobalSection
EndGlobal
